PODS:
  - R.swift (5.4.0):
    - R.swift.Library (~> 5.3.0)
  - R.swift.Library (5.3.0)
  - Realm (10.7.7):
    - Realm/Headers (= 10.7.7)
  - Realm/Headers (10.7.7)
  - RealmSwift (10.7.7):
    - Realm (= 10.7.7)

DEPENDENCIES:
  - R.swift (~> 5.4.0)
  - RealmSwift (= 10.7.7)

SPEC REPOS:
  trunk:
    - R.swift
    - R.swift.Library
    - Realm
    - RealmSwift

SPEC CHECKSUMS:
  R.swift: c533450b0f7dc494e0993f5f1a1db925d84c3006
  R.swift.Library: 0fc583cb55a99e28901299cc451614cad1161962
  Realm: 8010af8b7a576ba501729bcbc54a3cd1f1f7dca3
  RealmSwift: dc17e6d649c12a8996f9e962c3fe6cef356885c4

PODFILE CHECKSUM: eb95e3ab104a30e9f6500e64467b99d1f783f330

COCOAPODS: 1.10.1
